// !$*UTF8*$!
{
	archiveVersion = 1;
	classes = {
	};
	objectVersion = 46;
	objects = {

/* Begin PBXBuildFile section */
		448AE2F01D0A6F500035E798 /* AppDelegate.swift in Sources */ = {isa = PBXBuildFile; fileRef = 448AE2EF1D0A6F500035E798 /* AppDelegate.swift */; };
		448AE2F21D0A6F500035E798 /* ViewController.swift in Sources */ = {isa = PBXBuildFile; fileRef = 448AE2F11D0A6F500035E798 /* ViewController.swift */; };
		448AE2F51D0A6F500035E798 /* Main.storyboard in Resources */ = {isa = PBXBuildFile; fileRef = 448AE2F31D0A6F500035E798 /* Main.storyboard */; };
		448AE2F71D0A6F500035E798 /* Assets.xcassets in Resources */ = {isa = PBXBuildFile; fileRef = 448AE2F61D0A6F500035E798 /* Assets.xcassets */; };
		448AE2FA1D0A6F500035E798 /* LaunchScreen.storyboard in Resources */ = {isa = PBXBuildFile; fileRef = 448AE2F81D0A6F500035E798 /* LaunchScreen.storyboard */; };
		448AE3051D0A6F500035E798 /* RadioStreamerTests.swift in Sources */ = {isa = PBXBuildFile; fileRef = 448AE3041D0A6F500035E798 /* RadioStreamerTests.swift */; };
		448AE3101D0A6F500035E798 /* RadioStreamerUITests.swift in Sources */ = {isa = PBXBuildFile; fileRef = 448AE30F1D0A6F500035E798 /* RadioStreamerUITests.swift */; };
/* End PBXBuildFile section */

/* Begin PBXContainerItemProxy section */
		448AE3011D0A6F500035E798 /* PBXContainerItemProxy */ = {
			isa = PBXContainerItemProxy;
			containerPortal = 448AE2E41D0A6F500035E798 /* Project object */;
			proxyType = 1;
			remoteGlobalIDString = 448AE2EB1D0A6F500035E798;
			remoteInfo = RadioStreamer;
		};
		448AE30C1D0A6F500035E798 /* PBXContainerItemProxy */ = {
			isa = PBXContainerItemProxy;
			containerPortal = 448AE2E41D0A6F500035E798 /* Project object */;
			proxyType = 1;
			remoteGlobalIDString = 448AE2EB1D0A6F500035E798;
			remoteInfo = RadioStreamer;
		};
/* End PBXContainerItemProxy section */

/* Begin PBXFileReference section */
		448AE2EC1D0A6F500035E798 /* RadioStreamer.app */ = {isa = PBXFileReference; explicitFileType = wrapper.application; includeInIndex = 0; path = RadioStreamer.app; sourceTree = BUILT_PRODUCTS_DIR; };
		448AE2EF1D0A6F500035E798 /* AppDelegate.swift */ = {isa = PBXFileReference; lastKnownFileType = sourcecode.swift; path = AppDelegate.swift; sourceTree = "<group>"; };
		448AE2F11D0A6F500035E798 /* ViewController.swift */ = {isa = PBXFileReference; lastKnownFileType = sourcecode.swift; path = ViewController.swift; sourceTree = "<group>"; };
		448AE2F41D0A6F500035E798 /* Base */ = {isa = PBXFileReference; lastKnownFileType = file.storyboard; name = Base; path = Base.lproj/Main.storyboard; sourceTree = "<group>"; };
		448AE2F61D0A6F500035E798 /* Assets.xcassets */ = {isa = PBXFileReference; lastKnownFileType = folder.assetcatalog; path = Assets.xcassets; sourceTree = "<group>"; };
		448AE2F91D0A6F500035E798 /* Base */ = {isa = PBXFileReference; lastKnownFileType = file.storyboard; name = Base; path = Base.lproj/LaunchScreen.storyboard; sourceTree = "<group>"; };
		448AE2FB1D0A6F500035E798 /* Info.plist */ = {isa = PBXFileReference; lastKnownFileType = text.plist.xml; path = Info.plist; sourceTree = "<group>"; };
		448AE3001D0A6F500035E798 /* RadioStreamerTests.xctest */ = {isa = PBXFileReference; explicitFileType = wrapper.cfbundle; includeInIndex = 0; path = RadioStreamerTests.xctest; sourceTree = BUILT_PRODUCTS_DIR; };
		448AE3041D0A6F500035E798 /* RadioStreamerTests.swift */ = {isa = PBXFileReference; lastKnownFileType = sourcecode.swift; path = RadioStreamerTests.swift; sourceTree = "<group>"; };
		448AE3061D0A6F500035E798 /* Info.plist */ = {isa = PBXFileReference; lastKnownFileType = text.plist.xml; path = Info.plist; sourceTree = "<group>"; };
		448AE30B1D0A6F500035E798 /* RadioStreamerUITests.xctest */ = {isa = PBXFileReference; explicitFileType = wrapper.cfbundle; includeInIndex = 0; path = RadioStreamerUITests.xctest; sourceTree = BUILT_PRODUCTS_DIR; };
		448AE30F1D0A6F500035E798 /* RadioStreamerUITests.swift */ = {isa = PBXFileReference; lastKnownFileType = sourcecode.swift; path = RadioStreamerUITests.swift; sourceTree = "<group>"; };
		448AE3111D0A6F500035E798 /* Info.plist */ = {isa = PBXFileReference; lastKnownFileType = text.plist.xml; path = Info.plist; sourceTree = "<group>"; };
/* End PBXFileReference section */

/* Begin PBXFrameworksBuildPhase section */
		448AE2E91D0A6F500035E798 /* Frameworks */ = {
			isa = PBXFrameworksBuildPhase;
			buildActionMask = 2147483647;
			files = (
			);
			runOnlyForDeploymentPostprocessing = 0;
		};
		448AE2FD1D0A6F500035E798 /* Frameworks */ = {
			isa = PBXFrameworksBuildPhase;
			buildActionMask = 2147483647;
			files = (
			);
			runOnlyForDeploymentPostprocessing = 0;
		};
		448AE3081D0A6F500035E798 /* Frameworks */ = {
			isa = PBXFrameworksBuildPhase;
			buildActionMask = 2147483647;
			files = (
			);
			runOnlyForDeploymentPostprocessing = 0;
		};
/* End PBXFrameworksBuildPhase section */

/* Begin PBXGroup section */
		448AE2E31D0A6F500035E798 = {
			isa = PBXGroup;
			children = (
				448AE2EE1D0A6F500035E798 /* RadioStreamer */,
				448AE3031D0A6F500035E798 /* RadioStreamerTests */,
				448AE30E1D0A6F500035E798 /* RadioStreamerUITests */,
				448AE2ED1D0A6F500035E798 /* Products */,
			);
			sourceTree = "<group>";
		};
		448AE2ED1D0A6F500035E798 /* Products */ = {
			isa = PBXGroup;
			children = (
				448AE2EC1D0A6F500035E798 /* RadioStreamer.app */,
				448AE3001D0A6F500035E798 /* RadioStreamerTests.xctest */,
				448AE30B1D0A6F500035E798 /* RadioStreamerUITests.xctest */,
			);
			name = Products;
			sourceTree = "<group>";
		};
		448AE2EE1D0A6F500035E798 /* RadioStreamer */ = {
			isa = PBXGroup;
			children = (
				448AE2EF1D0A6F500035E798 /* AppDelegate.swift */,
				448AE2F11D0A6F500035E798 /* ViewController.swift */,
				448AE2F31D0A6F500035E798 /* Main.storyboard */,
				448AE2F61D0A6F500035E798 /* Assets.xcassets */,
				448AE2F81D0A6F500035E798 /* LaunchScreen.storyboard */,
				448AE2FB1D0A6F500035E798 /* Info.plist */,
			);
			path = RadioStreamer;
			sourceTree = "<group>";
		};
		448AE3031D0A6F500035E798 /* RadioStreamerTests */ = {
			isa = PBXGroup;
			children = (
				448AE3041D0A6F500035E798 /* RadioStreamerTests.swift */,
				448AE3061D0A6F500035E798 /* Info.plist */,
			);
			path = RadioStreamerTests;
			sourceTree = "<group>";
		};
		448AE30E1D0A6F500035E798 /* RadioStreamerUITests */ = {
			isa = PBXGroup;
			children = (
				448AE30F1D0A6F500035E798 /* RadioStreamerUITests.swift */,
				448AE3111D0A6F500035E798 /* Info.plist */,
			);
			path = RadioStreamerUITests;
			sourceTree = "<group>";
		};
/* End PBXGroup section */

/* Begin PBXNativeTarget section */
		448AE2EB1D0A6F500035E798 /* RadioStreamer */ = {
			isa = PBXNativeTarget;
			buildConfigurationList = 448AE3141D0A6F500035E798 /* Build configuration list for PBXNativeTarget "RadioStreamer" */;
			buildPhases = (
				448AE2E81D0A6F500035E798 /* Sources */,
				448AE2E91D0A6F500035E798 /* Frameworks */,
				448AE2EA1D0A6F500035E798 /* Resources */,
			);
			buildRules = (
			);
			dependencies = (
			);
			name = RadioStreamer;
			productName = RadioStreamer;
			productReference = 448AE2EC1D0A6F500035E798 /* RadioStreamer.app */;
			productType = "com.apple.product-type.application";
		};
		448AE2FF1D0A6F500035E798 /* RadioStreamerTests */ = {
			isa = PBXNativeTarget;
			buildConfigurationList = 448AE3171D0A6F500035E798 /* Build configuration list for PBXNativeTarget "RadioStreamerTests" */;
			buildPhases = (
				448AE2FC1D0A6F500035E798 /* Sources */,
				448AE2FD1D0A6F500035E798 /* Frameworks */,
				448AE2FE1D0A6F500035E798 /* Resources */,
			);
			buildRules = (
			);
			dependencies = (
				448AE3021D0A6F500035E798 /* PBXTargetDependency */,
			);
			name = RadioStreamerTests;
			productName = RadioStreamerTests;
			productReference = 448AE3001D0A6F500035E798 /* RadioStreamerTests.xctest */;
			productType = "com.apple.product-type.bundle.unit-test";
		};
		448AE30A1D0A6F500035E798 /* RadioStreamerUITests */ = {
			isa = PBXNativeTarget;
			buildConfigurationList = 448AE31A1D0A6F500035E798 /* Build configuration list for PBXNativeTarget "RadioStreamerUITests" */;
			buildPhases = (
				448AE3071D0A6F500035E798 /* Sources */,
				448AE3081D0A6F500035E798 /* Frameworks */,
				448AE3091D0A6F500035E798 /* Resources */,
			);
			buildRules = (
			);
			dependencies = (
				448AE30D1D0A6F500035E798 /* PBXTargetDependency */,
			);
			name = RadioStreamerUITests;
			productName = RadioStreamerUITests;
			productReference = 448AE30B1D0A6F500035E798 /* RadioStreamerUITests.xctest */;
			productType = "com.apple.product-type.bundle.ui-testing";
		};
/* End PBXNativeTarget section */

/* Begin PBXProject section */
		448AE2E41D0A6F500035E798 /* Project object */ = {
			isa = PBXProject;
			attributes = {
				LastSwiftUpdateCheck = 0730;
				LastUpgradeCheck = 0730;
				ORGANIZATIONNAME = "Paul Vagner";
				TargetAttributes = {
					448AE2EB1D0A6F500035E798 = {
						CreatedOnToolsVersion = 7.3.1;
					};
					448AE2FF1D0A6F500035E798 = {
						CreatedOnToolsVersion = 7.3.1;
						TestTargetID = 448AE2EB1D0A6F500035E798;
					};
					448AE30A1D0A6F500035E798 = {
						CreatedOnToolsVersion = 7.3.1;
						TestTargetID = 448AE2EB1D0A6F500035E798;
					};
				};
			};
			buildConfigurationList = 448AE2E71D0A6F500035E798 /* Build configuration list for PBXProject "RadioStreamer" */;
			compatibilityVersion = "Xcode 3.2";
			developmentRegion = English;
			hasScannedForEncodings = 0;
			knownRegions = (
				en,
				Base,
			);
			mainGroup = 448AE2E31D0A6F500035E798;
			productRefGroup = 448AE2ED1D0A6F500035E798 /* Products */;
			projectDirPath = "";
			projectRoot = "";
			targets = (
				448AE2EB1D0A6F500035E798 /* RadioStreamer */,
				448AE2FF1D0A6F500035E798 /* RadioStreamerTests */,
				448AE30A1D0A6F500035E798 /* RadioStreamerUITests */,
			);
		};
/* End PBXProject section */

/* Begin PBXResourcesBuildPhase section */
		448AE2EA1D0A6F500035E798 /* Resources */ = {
			isa = PBXResourcesBuildPhase;
			buildActionMask = 2147483647;
			files = (
				448AE2FA1D0A6F500035E798 /* LaunchScreen.storyboard in Resources */,
				448AE2F71D0A6F500035E798 /* Assets.xcassets in Resources */,
				448AE2F51D0A6F500035E798 /* Main.storyboard in Resources */,
			);
			runOnlyForDeploymentPostprocessing = 0;
		};
		448AE2FE1D0A6F500035E798 /* Resources */ = {
			isa = PBXResourcesBuildPhase;
			buildActionMask = 2147483647;
			files = (
			);
			runOnlyForDeploymentPostprocessing = 0;
		};
		448AE3091D0A6F500035E798 /* Resources */ = {
			isa = PBXResourcesBuildPhase;
			buildActionMask = 2147483647;
			files = (
			);
			runOnlyForDeploymentPostprocessing = 0;
		};
/* End PBXResourcesBuildPhase section */

/* Begin PBXSourcesBuildPhase section */
		448AE2E81D0A6F500035E798 /* Sources */ = {
			isa = PBXSourcesBuildPhase;
			buildActionMask = 2147483647;
			files = (
				448AE2F21D0A6F500035E798 /* ViewController.swift in Sources */,
				448AE2F01D0A6F500035E798 /* AppDelegate.swift in Sources */,
			);
			runOnlyForDeploymentPostprocessing = 0;
		};
		448AE2FC1D0A6F500035E798 /* Sources */ = {
			isa = PBXSourcesBuildPhase;
			buildActionMask = 2147483647;
			files = (
				448AE3051D0A6F500035E798 /* RadioStreamerTests.swift in Sources */,
			);
			runOnlyForDeploymentPostprocessing = 0;
		};
		448AE3071D0A6F500035E798 /* Sources */ = {
			isa = PBXSourcesBuildPhase;
			buildActionMask = 2147483647;
			files = (
				448AE3101D0A6F500035E798 /* RadioStreamerUITests.swift in Sources */,
			);
			runOnlyForDeploymentPostprocessing = 0;
		};
/* End PBXSourcesBuildPhase section */

/* Begin PBXTargetDependency section */
		448AE3021D0A6F500035E798 /* PBXTargetDependency */ = {
			isa = PBXTargetDependency;
			target = 448AE2EB1D0A6F500035E798 /* RadioStreamer */;
			targetProxy = 448AE3011D0A6F500035E798 /* PBXContainerItemProxy */;
		};
		448AE30D1D0A6F500035E798 /* PBXTargetDependency */ = {
			isa = PBXTargetDependency;
			target = 448AE2EB1D0A6F500035E798 /* RadioStreamer */;
			targetProxy = 448AE30C1D0A6F500035E798 /* PBXContainerItemProxy */;
		};
/* End PBXTargetDependency section */

/* Begin PBXVariantGroup section */
		448AE2F31D0A6F500035E798 /* Main.storyboard */ = {
			isa = PBXVariantGroup;
			children = (
				448AE2F41D0A6F500035E798 /* Base */,
			);
			name = Main.storyboard;
			sourceTree = "<group>";
		};
		448AE2F81D0A6F500035E798 /* LaunchScreen.storyboard */ = {
			isa = PBXVariantGroup;
			children = (
				448AE2F91D0A6F500035E798 /* Base */,
			);
			name = LaunchScreen.storyboard;
			sourceTree = "<group>";
		};
/* End PBXVariantGroup section */

/* Begin XCBuildConfiguration section */
		448AE3121D0A6F500035E798 /* Debug */ = {
			isa = XCBuildConfiguration;
			buildSettings = {
				ALWAYS_SEARCH_USER_PATHS = NO;
				CLANG_ANALYZER_NONNULL = YES;
				CLANG_CXX_LANGUAGE_STANDARD = "gnu++0x";
				CLANG_CXX_LIBRARY = "libc++";
				CLANG_ENABLE_MODULES = YES;
				CLANG_ENABLE_OBJC_ARC = YES;
				CLANG_WARN_BOOL_CONVERSION = YES;
				CLANG_WARN_CONSTANT_CONVERSION = YES;
				CLANG_WARN_DIRECT_OBJC_ISA_USAGE = YES_ERROR;
				CLANG_WARN_EMPTY_BODY = YES;
				CLANG_WARN_ENUM_CONVERSION = YES;
				CLANG_WARN_INT_CONVERSION = YES;
				CLANG_WARN_OBJC_ROOT_CLASS = YES_ERROR;
				CLANG_WARN_UNREACHABLE_CODE = YES;
				CLANG_WARN__DUPLICATE_METHOD_MATCH = YES;
				"CODE_SIGN_IDENTITY[sdk=iphoneos*]" = "iPhone Developer";
				COPY_PHASE_STRIP = NO;
				DEBUG_INFORMATION_FORMAT = dwarf;
				ENABLE_STRICT_OBJC_MSGSEND = YES;
				ENABLE_TESTABILITY = YES;
				GCC_C_LANGUAGE_STANDARD = gnu99;
				GCC_DYNAMIC_NO_PIC = NO;
				GCC_NO_COMMON_BLOCKS = YES;
				GCC_OPTIMIZATION_LEVEL = 0;
				GCC_PREPROCESSOR_DEFINITIONS = (
					"DEBUG=1",
					"$(inherited)",
				);
				GCC_WARN_64_TO_32_BIT_CONVERSION = YES;
				GCC_WARN_ABOUT_RETURN_TYPE = YES_ERROR;
				GCC_WARN_UNDECLARED_SELECTOR = YES;
				GCC_WARN_UNINITIALIZED_AUTOS = YES_AGGRESSIVE;
				GCC_WARN_UNUSED_FUNCTION = YES;
				GCC_WARN_UNUSED_VARIABLE = YES;
				IPHONEOS_DEPLOYMENT_TARGET = 9.3;
				MTL_ENABLE_DEBUG_INFO = YES;
				ONLY_ACTIVE_ARCH = YES;
				SDKROOT = iphoneos;
				SWIFT_OPTIMIZATION_LEVEL = "-Onone";
				TARGETED_DEVICE_FAMILY = "1,2";
			};
			name = Debug;
		};
		448AE3131D0A6F500035E798 /* Release */ = {
			isa = XCBuildConfiguration;
			buildSettings = {
				ALWAYS_SEARCH_USER_PATHS = NO;
				CLANG_ANALYZER_NONNULL = YES;
				CLANG_CXX_LANGUAGE_STANDARD = "gnu++0x";
				CLANG_CXX_LIBRARY = "libc++";
				CLANG_ENABLE_MODULES = YES;
				CLANG_ENABLE_OBJC_ARC = YES;
				CLANG_WARN_BOOL_CONVERSION = YES;
				CLANG_WARN_CONSTANT_CONVERSION = YES;
				CLANG_WARN_DIRECT_OBJC_ISA_USAGE = YES_ERROR;
				CLANG_WARN_EMPTY_BODY = YES;
				CLANG_WARN_ENUM_CONVERSION = YES;
				CLANG_WARN_INT_CONVERSION = YES;
				CLANG_WARN_OBJC_ROOT_CLASS = YES_ERROR;
				CLANG_WARN_UNREACHABLE_CODE = YES;
				CLANG_WARN__DUPLICATE_METHOD_MATCH = YES;
				"CODE_SIGN_IDENTITY[sdk=iphoneos*]" = "iPhone Developer";
				COPY_PHASE_STRIP = NO;
				DEBUG_INFORMATION_FORMAT = "dwarf-with-dsym";
				ENABLE_NS_ASSERTIONS = NO;
				ENABLE_STRICT_OBJC_MSGSEND = YES;
				GCC_C_LANGUAGE_STANDARD = gnu99;
				GCC_NO_COMMON_BLOCKS = YES;
				GCC_WARN_64_TO_32_BIT_CONVERSION = YES;
				GCC_WARN_ABOUT_RETURN_TYPE = YES_ERROR;
				GCC_WARN_UNDECLARED_SELECTOR = YES;
				GCC_WARN_UNINITIALIZED_AUTOS = YES_AGGRESSIVE;
				GCC_WARN_UNUSED_FUNCTION = YES;
				GCC_WARN_UNUSED_VARIABLE = YES;
				IPHONEOS_DEPLOYMENT_TARGET = 9.3;
				MTL_ENABLE_DEBUG_INFO = NO;
				SDKROOT = iphoneos;
				TARGETED_DEVICE_FAMILY = "1,2";
				VALIDATE_PRODUCT = YES;
			};
			name = Release;
		};
		448AE3151D0A6F500035E798 /* Debug */ = {
			isa = XCBuildConfiguration;
			buildSettings = {
				ASSETCATALOG_COMPILER_APPICON_NAME = AppIcon;
				INFOPLIST_FILE = RadioStreamer/Info.plist;
				LD_RUNPATH_SEARCH_PATHS = "$(inherited) @executable_path/Frameworks";
				PRODUCT_BUNDLE_IDENTIFIER = com.paulvagner.RadioStreamer;
				PRODUCT_NAME = "$(TARGET_NAME)";
			};
			name = Debug;
		};
		448AE3161D0A6F500035E798 /* Release */ = {
			isa = XCBuildConfiguration;
			buildSettings = {
				ASSETCATALOG_COMPILER_APPICON_NAME = AppIcon;
				INFOPLIST_FILE = RadioStreamer/Info.plist;
				LD_RUNPATH_SEARCH_PATHS = "$(inherited) @executable_path/Frameworks";
				PRODUCT_BUNDLE_IDENTIFIER = com.paulvagner.RadioStreamer;
				PRODUCT_NAME = "$(TARGET_NAME)";
			};
			name = Release;
		};
		448AE3181D0A6F500035E798 /* Debug */ = {
			isa = XCBuildConfiguration;
			buildSettings = {
				BUNDLE_LOADER = "$(TEST_HOST)";
				INFOPLIST_FILE = RadioStreamerTests/Info.plist;
				LD_RUNPATH_SEARCH_PATHS = "$(inherited) @executable_path/Frameworks @loader_path/Frameworks";
				PRODUCT_BUNDLE_IDENTIFIER = com.paulvagner.RadioStreamerTests;
				PRODUCT_NAME = "$(TARGET_NAME)";
				TEST_HOST = "$(BUILT_PRODUCTS_DIR)/RadioStreamer.app/RadioStreamer";
			};
			name = Debug;
		};
		448AE3191D0A6F500035E798 /* Release */ = {
			isa = XCBuildConfiguration;
			buildSettings = {
				BUNDLE_LOADER = "$(TEST_HOST)";
				INFOPLIST_FILE = RadioStreamerTests/Info.plist;
				LD_RUNPATH_SEARCH_PATHS = "$(inherited) @executable_path/Frameworks @loader_path/Frameworks";
				PRODUCT_BUNDLE_IDENTIFIER = com.paulvagner.RadioStreamerTests;
				PRODUCT_NAME = "$(TARGET_NAME)";
				TEST_HOST = "$(BUILT_PRODUCTS_DIR)/RadioStreamer.app/RadioStreamer";
			};
			name = Release;
		};
		448AE31B1D0A6F500035E798 /* Debug */ = {
			isa = XCBuildConfiguration;
			buildSettings = {
				INFOPLIST_FILE = RadioStreamerUITests/Info.plist;
				LD_RUNPATH_SEARCH_PATHS = "$(inherited) @executable_path/Frameworks @loader_path/Frameworks";
				PRODUCT_BUNDLE_IDENTIFIER = com.paulvagner.RadioStreamerUITests;
				PRODUCT_NAME = "$(TARGET_NAME)";
				TEST_TARGET_NAME = RadioStreamer;
			};
			name = Debug;
		};
		448AE31C1D0A6F500035E798 /* Release */ = {
			isa = XCBuildConfiguration;
			buildSettings = {
				INFOPLIST_FILE = RadioStreamerUITests/Info.plist;
				LD_RUNPATH_SEARCH_PATHS = "$(inherited) @executable_path/Frameworks @loader_path/Frameworks";
				PRODUCT_BUNDLE_IDENTIFIER = com.paulvagner.RadioStreamerUITests;
				PRODUCT_NAME = "$(TARGET_NAME)";
				TEST_TARGET_NAME = RadioStreamer;
			};
			name = Release;
		};
/* End XCBuildConfiguration section */

/* Begin XCConfigurationList section */
		448AE2E71D0A6F500035E798 /* Build configuration list for PBXProject "RadioStreamer" */ = {
			isa = XCConfigurationList;
			buildConfigurations = (
				448AE3121D0A6F500035E798 /* Debug */,
				448AE3131D0A6F500035E798 /* Release */,
			);
			defaultConfigurationIsVisible = 0;
			defaultConfigurationName = Release;
		};
		448AE3141D0A6F500035E798 /* Build configuration list for PBXNativeTarget "RadioStreamer" */ = {
			isa = XCConfigurationList;
			buildConfigurations = (
				448AE3151D0A6F500035E798 /* Debug */,
				448AE3161D0A6F500035E798 /* Release */,
			);
			defaultConfigurationIsVisible = 0;
		};
		448AE3171D0A6F500035E798 /* Build configuration list for PBXNativeTarget "RadioStreamerTests" */ = {
			isa = XCConfigurationList;
			buildConfigurations = (
				448AE3181D0A6F500035E798 /* Debug */,
				448AE3191D0A6F500035E798 /* Release */,
			);
			defaultConfigurationIsVisible = 0;
		};
		448AE31A1D0A6F500035E798 /* Build configuration list for PBXNativeTarget "RadioStreamerUITests" */ = {
			isa = XCConfigurationList;
			buildConfigurations = (
				448AE31B1D0A6F500035E798 /* Debug */,
				448AE31C1D0A6F500035E798 /* Release */,
			);
			defaultConfigurationIsVisible = 0;
		};
/* End XCConfigurationList section */
	};
	rootObject = 448AE2E41D0A6F500035E798 /* Project object */;
}
